// !$*UTF8*$!
{
	archiveVersion = 1;
	classes = {
	};
	objectVersion = 56;
	objects = {

/* Begin PBXBuildFile section */
		6B51C7432C298E6100DBDDA2 /* zstack_hstack_vstack.swift in Sources */ = {isa = PBXBuildFile; fileRef = 6B51C7422C298E6100DBDDA2 /* zstack_hstack_vstack.swift */; };
		6B60B2B02BF2452200FF36DA /* textbootcamp.swift in Sources */ = {isa = PBXBuildFile; fileRef = 6B60B2AF2BF2452200FF36DA /* textbootcamp.swift */; };
		6B920FA72C395EE40081DD27 /* safearea.swift in Sources */ = {isa = PBXBuildFile; fileRef = 6B920FA62C395EE40081DD27 /* safearea.swift */; };
		6B920FA92C3970F30081DD27 /* buttonbootcamp.swift in Sources */ = {isa = PBXBuildFile; fileRef = 6B920FA82C3970F30081DD27 /* buttonbootcamp.swift */; };
		6B92A3F92C2EC5C1009EF43E /* foreach.swift in Sources */ = {isa = PBXBuildFile; fileRef = 6B92A3F82C2EC5C1009EF43E /* foreach.swift */; };
		6BC942C42C2BDE3E0092CF6F /* paddingbootcamp.swift in Sources */ = {isa = PBXBuildFile; fileRef = 6BC942C32C2BDE3E0092CF6F /* paddingbootcamp.swift */; };
		6BCA83B42C2D297000F00917 /* init_enum_bootcamp.swift in Sources */ = {isa = PBXBuildFile; fileRef = 6BCA83B32C2D296F00F00917 /* init_enum_bootcamp.swift */; };
		6BD527A32C2C42BE002D96E6 /* twitter.swift in Sources */ = {isa = PBXBuildFile; fileRef = 6BD527A22C2C42BE002D96E6 /* twitter.swift */; };
		6BD630302BDA0B4A00137F7F /* basicswiftApp.swift in Sources */ = {isa = PBXBuildFile; fileRef = 6BD6302F2BDA0B4A00137F7F /* basicswiftApp.swift */; };
		6BD630322BDA0B4A00137F7F /* ContentView.swift in Sources */ = {isa = PBXBuildFile; fileRef = 6BD630312BDA0B4A00137F7F /* ContentView.swift */; };
		6BD630342BDA0B4C00137F7F /* Assets.xcassets in Resources */ = {isa = PBXBuildFile; fileRef = 6BD630332BDA0B4C00137F7F /* Assets.xcassets */; };
		6BD630382BDA0B4C00137F7F /* Preview Assets.xcassets in Resources */ = {isa = PBXBuildFile; fileRef = 6BD630372BDA0B4C00137F7F /* Preview Assets.xcassets */; };
		6BD630422BDA0B4C00137F7F /* basicswiftTests.swift in Sources */ = {isa = PBXBuildFile; fileRef = 6BD630412BDA0B4C00137F7F /* basicswiftTests.swift */; };
		6BD6304C2BDA0B4C00137F7F /* basicswiftUITests.swift in Sources */ = {isa = PBXBuildFile; fileRef = 6BD6304B2BDA0B4C00137F7F /* basicswiftUITests.swift */; };
		6BD6304E2BDA0B4C00137F7F /* basicswiftUITestsLaunchTests.swift in Sources */ = {isa = PBXBuildFile; fileRef = 6BD6304D2BDA0B4C00137F7F /* basicswiftUITestsLaunchTests.swift */; };
		6BD75AB72C234F8900B654BE /* color.swift in Sources */ = {isa = PBXBuildFile; fileRef = 6BD75AB62C234F8900B654BE /* color.swift */; };
		6BD75AB92C23E3F200B654BE /* framebootcamp.swift in Sources */ = {isa = PBXBuildFile; fileRef = 6BD75AB82C23E3F200B654BE /* framebootcamp.swift */; };
		6BD75ABB2C24418F00B654BE /* backgroundandoverlay.swift in Sources */ = {isa = PBXBuildFile; fileRef = 6BD75ABA2C24418F00B654BE /* backgroundandoverlay.swift */; };
		6BD75ABD2C244C0600B654BE /* customicon.swift in Sources */ = {isa = PBXBuildFile; fileRef = 6BD75ABC2C244C0600B654BE /* customicon.swift */; };
		6BECEE952C371E9B00522D55 /* gridbootcamp.swift in Sources */ = {isa = PBXBuildFile; fileRef = 6BECEE942C371E9B00522D55 /* gridbootcamp.swift */; };
/* End PBXBuildFile section */

/* Begin PBXContainerItemProxy section */
		6BD6303E2BDA0B4C00137F7F /* PBXContainerItemProxy */ = {
			isa = PBXContainerItemProxy;
			containerPortal = 6BD630242BDA0B4A00137F7F /* Project object */;
			proxyType = 1;
			remoteGlobalIDString = 6BD6302B2BDA0B4A00137F7F;
			remoteInfo = basicswift;
		};
		6BD630482BDA0B4C00137F7F /* PBXContainerItemProxy */ = {
			isa = PBXContainerItemProxy;
			containerPortal = 6BD630242BDA0B4A00137F7F /* Project object */;
			proxyType = 1;
			remoteGlobalIDString = 6BD6302B2BDA0B4A00137F7F;
			remoteInfo = basicswift;
		};
/* End PBXContainerItemProxy section */

/* Begin PBXFileReference section */
		6B51C7422C298E6100DBDDA2 /* zstack_hstack_vstack.swift */ = {isa = PBXFileReference; lastKnownFileType = sourcecode.swift; path = zstack_hstack_vstack.swift; sourceTree = "<group>"; };
		6B60B2AF2BF2452200FF36DA /* textbootcamp.swift */ = {isa = PBXFileReference; lastKnownFileType = sourcecode.swift; path = textbootcamp.swift; sourceTree = "<group>"; };
		6B920FA62C395EE40081DD27 /* safearea.swift */ = {isa = PBXFileReference; lastKnownFileType = sourcecode.swift; path = safearea.swift; sourceTree = "<group>"; };
		6B920FA82C3970F30081DD27 /* buttonbootcamp.swift */ = {isa = PBXFileReference; lastKnownFileType = sourcecode.swift; path = buttonbootcamp.swift; sourceTree = "<group>"; };
		6B92A3F82C2EC5C1009EF43E /* foreach.swift */ = {isa = PBXFileReference; lastKnownFileType = sourcecode.swift; path = foreach.swift; sourceTree = "<group>"; };
		6BC942C32C2BDE3E0092CF6F /* paddingbootcamp.swift */ = {isa = PBXFileReference; lastKnownFileType = sourcecode.swift; path = paddingbootcamp.swift; sourceTree = "<group>"; };
		6BCA83B32C2D296F00F00917 /* init_enum_bootcamp.swift */ = {isa = PBXFileReference; lastKnownFileType = sourcecode.swift; path = init_enum_bootcamp.swift; sourceTree = "<group>"; };
		6BD527A22C2C42BE002D96E6 /* twitter.swift */ = {isa = PBXFileReference; lastKnownFileType = sourcecode.swift; path = twitter.swift; sourceTree = "<group>"; };
		6BD6302C2BDA0B4A00137F7F /* basicswift.app */ = {isa = PBXFileReference; explicitFileType = wrapper.application; includeInIndex = 0; path = basicswift.app; sourceTree = BUILT_PRODUCTS_DIR; };
		6BD6302F2BDA0B4A00137F7F /* basicswiftApp.swift */ = {isa = PBXFileReference; lastKnownFileType = sourcecode.swift; path = basicswiftApp.swift; sourceTree = "<group>"; };
		6BD630312BDA0B4A00137F7F /* ContentView.swift */ = {isa = PBXFileReference; lastKnownFileType = sourcecode.swift; path = ContentView.swift; sourceTree = "<group>"; };
		6BD630332BDA0B4C00137F7F /* Assets.xcassets */ = {isa = PBXFileReference; lastKnownFileType = folder.assetcatalog; path = Assets.xcassets; sourceTree = "<group>"; };
		6BD630352BDA0B4C00137F7F /* basicswift.entitlements */ = {isa = PBXFileReference; lastKnownFileType = text.plist.entitlements; path = basicswift.entitlements; sourceTree = "<group>"; };
		6BD630372BDA0B4C00137F7F /* Preview Assets.xcassets */ = {isa = PBXFileReference; lastKnownFileType = folder.assetcatalog; path = "Preview Assets.xcassets"; sourceTree = "<group>"; };
		6BD6303D2BDA0B4C00137F7F /* basicswiftTests.xctest */ = {isa = PBXFileReference; explicitFileType = wrapper.cfbundle; includeInIndex = 0; path = basicswiftTests.xctest; sourceTree = BUILT_PRODUCTS_DIR; };
		6BD630412BDA0B4C00137F7F /* basicswiftTests.swift */ = {isa = PBXFileReference; lastKnownFileType = sourcecode.swift; path = basicswiftTests.swift; sourceTree = "<group>"; };
		6BD630472BDA0B4C00137F7F /* basicswiftUITests.xctest */ = {isa = PBXFileReference; explicitFileType = wrapper.cfbundle; includeInIndex = 0; path = basicswiftUITests.xctest; sourceTree = BUILT_PRODUCTS_DIR; };
		6BD6304B2BDA0B4C00137F7F /* basicswiftUITests.swift */ = {isa = PBXFileReference; lastKnownFileType = sourcecode.swift; path = basicswiftUITests.swift; sourceTree = "<group>"; };
		6BD6304D2BDA0B4C00137F7F /* basicswiftUITestsLaunchTests.swift */ = {isa = PBXFileReference; lastKnownFileType = sourcecode.swift; path = basicswiftUITestsLaunchTests.swift; sourceTree = "<group>"; };
		6BD75AB62C234F8900B654BE /* color.swift */ = {isa = PBXFileReference; lastKnownFileType = sourcecode.swift; path = color.swift; sourceTree = "<group>"; };
		6BD75AB82C23E3F200B654BE /* framebootcamp.swift */ = {isa = PBXFileReference; lastKnownFileType = sourcecode.swift; path = framebootcamp.swift; sourceTree = "<group>"; };
		6BD75ABA2C24418F00B654BE /* backgroundandoverlay.swift */ = {isa = PBXFileReference; lastKnownFileType = sourcecode.swift; path = backgroundandoverlay.swift; sourceTree = "<group>"; };
		6BD75ABC2C244C0600B654BE /* customicon.swift */ = {isa = PBXFileReference; lastKnownFileType = sourcecode.swift; path = customicon.swift; sourceTree = "<group>"; };
		6BECEE942C371E9B00522D55 /* gridbootcamp.swift */ = {isa = PBXFileReference; lastKnownFileType = sourcecode.swift; path = gridbootcamp.swift; sourceTree = "<group>"; };
/* End PBXFileReference section */

/* Begin PBXFrameworksBuildPhase section */
		6BD630292BDA0B4A00137F7F /* Frameworks */ = {
			isa = PBXFrameworksBuildPhase;
			buildActionMask = 2147483647;
			files = (
			);
			runOnlyForDeploymentPostprocessing = 0;
		};
		6BD6303A2BDA0B4C00137F7F /* Frameworks */ = {
			isa = PBXFrameworksBuildPhase;
			buildActionMask = 2147483647;
			files = (
			);
			runOnlyForDeploymentPostprocessing = 0;
		};
		6BD630442BDA0B4C00137F7F /* Frameworks */ = {
			isa = PBXFrameworksBuildPhase;
			buildActionMask = 2147483647;
			files = (
			);
			runOnlyForDeploymentPostprocessing = 0;
		};
/* End PBXFrameworksBuildPhase section */

/* Begin PBXGroup section */
		6BD630232BDA0B4A00137F7F = {
			isa = PBXGroup;
			children = (
				6BD6302E2BDA0B4A00137F7F /* basicswift */,
				6BD630402BDA0B4C00137F7F /* basicswiftTests */,
				6BD6304A2BDA0B4C00137F7F /* basicswiftUITests */,
				6BD6302D2BDA0B4A00137F7F /* Products */,
			);
			sourceTree = "<group>";
		};
		6BD6302D2BDA0B4A00137F7F /* Products */ = {
			isa = PBXGroup;
			children = (
				6BD6302C2BDA0B4A00137F7F /* basicswift.app */,
				6BD6303D2BDA0B4C00137F7F /* basicswiftTests.xctest */,
				6BD630472BDA0B4C00137F7F /* basicswiftUITests.xctest */,
			);
			name = Products;
			sourceTree = "<group>";
		};
		6BD6302E2BDA0B4A00137F7F /* basicswift */ = {
			isa = PBXGroup;
			children = (
				6BD6302F2BDA0B4A00137F7F /* basicswiftApp.swift */,
				6BD630312BDA0B4A00137F7F /* ContentView.swift */,
				6BD75AB82C23E3F200B654BE /* framebootcamp.swift */,
				6B60B2AF2BF2452200FF36DA /* textbootcamp.swift */,
				6BD75AB62C234F8900B654BE /* color.swift */,
				6BD630332BDA0B4C00137F7F /* Assets.xcassets */,
				6BD75ABA2C24418F00B654BE /* backgroundandoverlay.swift */,
				6BD630352BDA0B4C00137F7F /* basicswift.entitlements */,
				6BD75ABC2C244C0600B654BE /* customicon.swift */,
				6B51C7422C298E6100DBDDA2 /* zstack_hstack_vstack.swift */,
				6BD630362BDA0B4C00137F7F /* Preview Content */,
				6BC942C32C2BDE3E0092CF6F /* paddingbootcamp.swift */,
				6BD527A22C2C42BE002D96E6 /* twitter.swift */,
				6BCA83B32C2D296F00F00917 /* init_enum_bootcamp.swift */,
				6B92A3F82C2EC5C1009EF43E /* foreach.swift */,
				6BECEE942C371E9B00522D55 /* gridbootcamp.swift */,
				6B920FA62C395EE40081DD27 /* safearea.swift */,
				6B920FA82C3970F30081DD27 /* buttonbootcamp.swift */,
			);
			path = basicswift;
			sourceTree = "<group>";
		};
		6BD630362BDA0B4C00137F7F /* Preview Content */ = {
			isa = PBXGroup;
			children = (
				6BD630372BDA0B4C00137F7F /* Preview Assets.xcassets */,
			);
			path = "Preview Content";
			sourceTree = "<group>";
		};
		6BD630402BDA0B4C00137F7F /* basicswiftTests */ = {
			isa = PBXGroup;
			children = (
				6BD630412BDA0B4C00137F7F /* basicswiftTests.swift */,
			);
			path = basicswiftTests;
			sourceTree = "<group>";
		};
		6BD6304A2BDA0B4C00137F7F /* basicswiftUITests */ = {
			isa = PBXGroup;
			children = (
				6BD6304B2BDA0B4C00137F7F /* basicswiftUITests.swift */,
				6BD6304D2BDA0B4C00137F7F /* basicswiftUITestsLaunchTests.swift */,
			);
			path = basicswiftUITests;
			sourceTree = "<group>";
		};
/* End PBXGroup section */

/* Begin PBXNativeTarget section */
		6BD6302B2BDA0B4A00137F7F /* basicswift */ = {
			isa = PBXNativeTarget;
			buildConfigurationList = 6BD630512BDA0B4C00137F7F /* Build configuration list for PBXNativeTarget "basicswift" */;
			buildPhases = (
				6BD630282BDA0B4A00137F7F /* Sources */,
				6BD630292BDA0B4A00137F7F /* Frameworks */,
				6BD6302A2BDA0B4A00137F7F /* Resources */,
			);
			buildRules = (
			);
			dependencies = (
			);
			name = basicswift;
			productName = basicswift;
			productReference = 6BD6302C2BDA0B4A00137F7F /* basicswift.app */;
			productType = "com.apple.product-type.application";
		};
		6BD6303C2BDA0B4C00137F7F /* basicswiftTests */ = {
			isa = PBXNativeTarget;
			buildConfigurationList = 6BD630542BDA0B4C00137F7F /* Build configuration list for PBXNativeTarget "basicswiftTests" */;
			buildPhases = (
				6BD630392BDA0B4C00137F7F /* Sources */,
				6BD6303A2BDA0B4C00137F7F /* Frameworks */,
				6BD6303B2BDA0B4C00137F7F /* Resources */,
			);
			buildRules = (
			);
			dependencies = (
				6BD6303F2BDA0B4C00137F7F /* PBXTargetDependency */,
			);
			name = basicswiftTests;
			productName = basicswiftTests;
			productReference = 6BD6303D2BDA0B4C00137F7F /* basicswiftTests.xctest */;
			productType = "com.apple.product-type.bundle.unit-test";
		};
		6BD630462BDA0B4C00137F7F /* basicswiftUITests */ = {
			isa = PBXNativeTarget;
			buildConfigurationList = 6BD630572BDA0B4C00137F7F /* Build configuration list for PBXNativeTarget "basicswiftUITests" */;
			buildPhases = (
				6BD630432BDA0B4C00137F7F /* Sources */,
				6BD630442BDA0B4C00137F7F /* Frameworks */,
				6BD630452BDA0B4C00137F7F /* Resources */,
			);
			buildRules = (
			);
			dependencies = (
				6BD630492BDA0B4C00137F7F /* PBXTargetDependency */,
			);
			name = basicswiftUITests;
			productName = basicswiftUITests;
			productReference = 6BD630472BDA0B4C00137F7F /* basicswiftUITests.xctest */;
			productType = "com.apple.product-type.bundle.ui-testing";
		};
/* End PBXNativeTarget section */

/* Begin PBXProject section */
		6BD630242BDA0B4A00137F7F /* Project object */ = {
			isa = PBXProject;
			attributes = {
				BuildIndependentTargetsInParallel = 1;
				LastSwiftUpdateCheck = 1530;
				LastUpgradeCheck = 1540;
				TargetAttributes = {
					6BD6302B2BDA0B4A00137F7F = {
						CreatedOnToolsVersion = 15.3;
					};
					6BD6303C2BDA0B4C00137F7F = {
						CreatedOnToolsVersion = 15.3;
						TestTargetID = 6BD6302B2BDA0B4A00137F7F;
					};
					6BD630462BDA0B4C00137F7F = {
						CreatedOnToolsVersion = 15.3;
						TestTargetID = 6BD6302B2BDA0B4A00137F7F;
					};
				};
			};
			buildConfigurationList = 6BD630272BDA0B4A00137F7F /* Build configuration list for PBXProject "basicswift" */;
			compatibilityVersion = "Xcode 14.0";
			developmentRegion = en;
			hasScannedForEncodings = 0;
			knownRegions = (
				en,
				Base,
			);
			mainGroup = 6BD630232BDA0B4A00137F7F;
			productRefGroup = 6BD6302D2BDA0B4A00137F7F /* Products */;
			projectDirPath = "";
			projectRoot = "";
			targets = (
				6BD6302B2BDA0B4A00137F7F /* basicswift */,
				6BD6303C2BDA0B4C00137F7F /* basicswiftTests */,
				6BD630462BDA0B4C00137F7F /* basicswiftUITests */,
			);
		};
/* End PBXProject section */

/* Begin PBXResourcesBuildPhase section */
		6BD6302A2BDA0B4A00137F7F /* Resources */ = {
			isa = PBXResourcesBuildPhase;
			buildActionMask = 2147483647;
			files = (
				6BD630382BDA0B4C00137F7F /* Preview Assets.xcassets in Resources */,
				6BD630342BDA0B4C00137F7F /* Assets.xcassets in Resources */,
			);
			runOnlyForDeploymentPostprocessing = 0;
		};
		6BD6303B2BDA0B4C00137F7F /* Resources */ = {
			isa = PBXResourcesBuildPhase;
			buildActionMask = 2147483647;
			files = (
			);
			runOnlyForDeploymentPostprocessing = 0;
		};
		6BD630452BDA0B4C00137F7F /* Resources */ = {
			isa = PBXResourcesBuildPhase;
			buildActionMask = 2147483647;
			files = (
			);
			runOnlyForDeploymentPostprocessing = 0;
		};
/* End PBXResourcesBuildPhase section */

/* Begin PBXSourcesBuildPhase section */
		6BD630282BDA0B4A00137F7F /* Sources */ = {
			isa = PBXSourcesBuildPhase;
			buildActionMask = 2147483647;
			files = (
				6BECEE952C371E9B00522D55 /* gridbootcamp.swift in Sources */,
				6B920FA92C3970F30081DD27 /* buttonbootcamp.swift in Sources */,
				6BCA83B42C2D297000F00917 /* init_enum_bootcamp.swift in Sources */,
				6BC942C42C2BDE3E0092CF6F /* paddingbootcamp.swift in Sources */,
				6BD630322BDA0B4A00137F7F /* ContentView.swift in Sources */,
				6BD75AB72C234F8900B654BE /* color.swift in Sources */,
				6BD75AB92C23E3F200B654BE /* framebootcamp.swift in Sources */,
				6B60B2B02BF2452200FF36DA /* textbootcamp.swift in Sources */,
				6BD75ABD2C244C0600B654BE /* customicon.swift in Sources */,
				6B51C7432C298E6100DBDDA2 /* zstack_hstack_vstack.swift in Sources */,
				6B92A3F92C2EC5C1009EF43E /* foreach.swift in Sources */,
				6BD75ABB2C24418F00B654BE /* backgroundandoverlay.swift in Sources */,
				6BD630302BDA0B4A00137F7F /* basicswiftApp.swift in Sources */,
				6BD527A32C2C42BE002D96E6 /* twitter.swift in Sources */,
				6B920FA72C395EE40081DD27 /* safearea.swift in Sources */,
			);
			runOnlyForDeploymentPostprocessing = 0;
		};
		6BD630392BDA0B4C00137F7F /* Sources */ = {
			isa = PBXSourcesBuildPhase;
			buildActionMask = 2147483647;
			files = (
				6BD630422BDA0B4C00137F7F /* basicswiftTests.swift in Sources */,
			);
			runOnlyForDeploymentPostprocessing = 0;
		};
		6BD630432BDA0B4C00137F7F /* Sources */ = {
			isa = PBXSourcesBuildPhase;
			buildActionMask = 2147483647;
			files = (
				6BD6304C2BDA0B4C00137F7F /* basicswiftUITests.swift in Sources */,
				6BD6304E2BDA0B4C00137F7F /* basicswiftUITestsLaunchTests.swift in Sources */,
			);
			runOnlyForDeploymentPostprocessing = 0;
		};
/* End PBXSourcesBuildPhase section */

/* Begin PBXTargetDependency section */
		6BD6303F2BDA0B4C00137F7F /* PBXTargetDependency */ = {
			isa = PBXTargetDependency;
			target = 6BD6302B2BDA0B4A00137F7F /* basicswift */;
			targetProxy = 6BD6303E2BDA0B4C00137F7F /* PBXContainerItemProxy */;
		};
		6BD630492BDA0B4C00137F7F /* PBXTargetDependency */ = {
			isa = PBXTargetDependency;
			target = 6BD6302B2BDA0B4A00137F7F /* basicswift */;
			targetProxy = 6BD630482BDA0B4C00137F7F /* PBXContainerItemProxy */;
		};
/* End PBXTargetDependency section */

/* Begin XCBuildConfiguration section */
		6BD6304F2BDA0B4C00137F7F /* Debug */ = {
			isa = XCBuildConfiguration;
			buildSettings = {
				ALWAYS_SEARCH_USER_PATHS = NO;
				ASSETCATALOG_COMPILER_GENERATE_SWIFT_ASSET_SYMBOL_EXTENSIONS = YES;
				CLANG_ANALYZER_NONNULL = YES;
				CLANG_ANALYZER_NUMBER_OBJECT_CONVERSION = YES_AGGRESSIVE;
				CLANG_CXX_LANGUAGE_STANDARD = "gnu++20";
				CLANG_ENABLE_MODULES = YES;
				CLANG_ENABLE_OBJC_ARC = YES;
				CLANG_ENABLE_OBJC_WEAK = YES;
				CLANG_WARN_BLOCK_CAPTURE_AUTORELEASING = YES;
				CLANG_WARN_BOOL_CONVERSION = YES;
				CLANG_WARN_COMMA = YES;
				CLANG_WARN_CONSTANT_CONVERSION = YES;
				CLANG_WARN_DEPRECATED_OBJC_IMPLEMENTATIONS = YES;
				CLANG_WARN_DIRECT_OBJC_ISA_USAGE = YES_ERROR;
				CLANG_WARN_DOCUMENTATION_COMMENTS = YES;
				CLANG_WARN_EMPTY_BODY = YES;
				CLANG_WARN_ENUM_CONVERSION = YES;
				CLANG_WARN_INFINITE_RECURSION = YES;
				CLANG_WARN_INT_CONVERSION = YES;
				CLANG_WARN_NON_LITERAL_NULL_CONVERSION = YES;
				CLANG_WARN_OBJC_IMPLICIT_RETAIN_SELF = YES;
				CLANG_WARN_OBJC_LITERAL_CONVERSION = YES;
				CLANG_WARN_OBJC_ROOT_CLASS = YES_ERROR;
				CLANG_WARN_QUOTED_INCLUDE_IN_FRAMEWORK_HEADER = YES;
				CLANG_WARN_RANGE_LOOP_ANALYSIS = YES;
				CLANG_WARN_STRICT_PROTOTYPES = YES;
				CLANG_WARN_SUSPICIOUS_MOVE = YES;
				CLANG_WARN_UNGUARDED_AVAILABILITY = YES_AGGRESSIVE;
				CLANG_WARN_UNREACHABLE_CODE = YES;
				CLANG_WARN__DUPLICATE_METHOD_MATCH = YES;
				COPY_PHASE_STRIP = NO;
				DEAD_CODE_STRIPPING = YES;
				DEBUG_INFORMATION_FORMAT = dwarf;
				ENABLE_STRICT_OBJC_MSGSEND = YES;
				ENABLE_TESTABILITY = YES;
				ENABLE_USER_SCRIPT_SANDBOXING = YES;
				GCC_C_LANGUAGE_STANDARD = gnu17;
				GCC_DYNAMIC_NO_PIC = NO;
				GCC_NO_COMMON_BLOCKS = YES;
				GCC_OPTIMIZATION_LEVEL = 0;
				GCC_PREPROCESSOR_DEFINITIONS = (
					"DEBUG=1",
					"$(inherited)",
				);
				GCC_WARN_64_TO_32_BIT_CONVERSION = YES;
				GCC_WARN_ABOUT_RETURN_TYPE = YES_ERROR;
				GCC_WARN_UNDECLARED_SELECTOR = YES;
				GCC_WARN_UNINITIALIZED_AUTOS = YES_AGGRESSIVE;
				GCC_WARN_UNUSED_FUNCTION = YES;
				GCC_WARN_UNUSED_VARIABLE = YES;
				LOCALIZATION_PREFERS_STRING_CATALOGS = YES;
				MTL_ENABLE_DEBUG_INFO = INCLUDE_SOURCE;
				MTL_FAST_MATH = YES;
				ONLY_ACTIVE_ARCH = YES;
				SWIFT_ACTIVE_COMPILATION_CONDITIONS = "DEBUG $(inherited)";
				SWIFT_OPTIMIZATION_LEVEL = "-Onone";
			};
			name = Debug;
		};
		6BD630502BDA0B4C00137F7F /* Release */ = {
			isa = XCBuildConfiguration;
			buildSettings = {
				ALWAYS_SEARCH_USER_PATHS = NO;
				ASSETCATALOG_COMPILER_GENERATE_SWIFT_ASSET_SYMBOL_EXTENSIONS = YES;
				CLANG_ANALYZER_NONNULL = YES;
				CLANG_ANALYZER_NUMBER_OBJECT_CONVERSION = YES_AGGRESSIVE;
				CLANG_CXX_LANGUAGE_STANDARD = "gnu++20";
				CLANG_ENABLE_MODULES = YES;
				CLANG_ENABLE_OBJC_ARC = YES;
				CLANG_ENABLE_OBJC_WEAK = YES;
				CLANG_WARN_BLOCK_CAPTURE_AUTORELEASING = YES;
				CLANG_WARN_BOOL_CONVERSION = YES;
				CLANG_WARN_COMMA = YES;
				CLANG_WARN_CONSTANT_CONVERSION = YES;
				CLANG_WARN_DEPRECATED_OBJC_IMPLEMENTATIONS = YES;
				CLANG_WARN_DIRECT_OBJC_ISA_USAGE = YES_ERROR;
				CLANG_WARN_DOCUMENTATION_COMMENTS = YES;
				CLANG_WARN_EMPTY_BODY = YES;
				CLANG_WARN_ENUM_CONVERSION = YES;
				CLANG_WARN_INFINITE_RECURSION = YES;
				CLANG_WARN_INT_CONVERSION = YES;
				CLANG_WARN_NON_LITERAL_NULL_CONVERSION = YES;
				CLANG_WARN_OBJC_IMPLICIT_RETAIN_SELF = YES;
				CLANG_WARN_OBJC_LITERAL_CONVERSION = YES;
				CLANG_WARN_OBJC_ROOT_CLASS = YES_ERROR;
				CLANG_WARN_QUOTED_INCLUDE_IN_FRAMEWORK_HEADER = YES;
				CLANG_WARN_RANGE_LOOP_ANALYSIS = YES;
				CLANG_WARN_STRICT_PROTOTYPES = YES;
				CLANG_WARN_SUSPICIOUS_MOVE = YES;
				CLANG_WARN_UNGUARDED_AVAILABILITY = YES_AGGRESSIVE;
				CLANG_WARN_UNREACHABLE_CODE = YES;
				CLANG_WARN__DUPLICATE_METHOD_MATCH = YES;
				COPY_PHASE_STRIP = NO;
				DEAD_CODE_STRIPPING = YES;
				DEBUG_INFORMATION_FORMAT = "dwarf-with-dsym";
				ENABLE_NS_ASSERTIONS = NO;
				ENABLE_STRICT_OBJC_MSGSEND = YES;
				ENABLE_USER_SCRIPT_SANDBOXING = YES;
				GCC_C_LANGUAGE_STANDARD = gnu17;
				GCC_NO_COMMON_BLOCKS = YES;
				GCC_WARN_64_TO_32_BIT_CONVERSION = YES;
				GCC_WARN_ABOUT_RETURN_TYPE = YES_ERROR;
				GCC_WARN_UNDECLARED_SELECTOR = YES;
				GCC_WARN_UNINITIALIZED_AUTOS = YES_AGGRESSIVE;
				GCC_WARN_UNUSED_FUNCTION = YES;
				GCC_WARN_UNUSED_VARIABLE = YES;
				LOCALIZATION_PREFERS_STRING_CATALOGS = YES;
				MTL_ENABLE_DEBUG_INFO = NO;
				MTL_FAST_MATH = YES;
				SWIFT_COMPILATION_MODE = wholemodule;
			};
			name = Release;
		};
		6BD630522BDA0B4C00137F7F /* Debug */ = {
			isa = XCBuildConfiguration;
			buildSettings = {
				ASSETCATALOG_COMPILER_APPICON_NAME = AppIcon;
				ASSETCATALOG_COMPILER_GLOBAL_ACCENT_COLOR_NAME = AccentColor;
				CODE_SIGN_ENTITLEMENTS = basicswift/basicswift.entitlements;
				CODE_SIGN_STYLE = Automatic;
				CURRENT_PROJECT_VERSION = 1;
				DEAD_CODE_STRIPPING = YES;
				DEVELOPMENT_ASSET_PATHS = "\"basicswift/Preview Content\"";
				ENABLE_PREVIEWS = YES;
				GENERATE_INFOPLIST_FILE = YES;
				"INFOPLIST_KEY_UIApplicationSceneManifest_Generation[sdk=iphoneos*]" = YES;
				"INFOPLIST_KEY_UIApplicationSceneManifest_Generation[sdk=iphonesimulator*]" = YES;
				"INFOPLIST_KEY_UIApplicationSupportsIndirectInputEvents[sdk=iphoneos*]" = YES;
				"INFOPLIST_KEY_UIApplicationSupportsIndirectInputEvents[sdk=iphonesimulator*]" = YES;
				"INFOPLIST_KEY_UILaunchScreen_Generation[sdk=iphoneos*]" = YES;
				"INFOPLIST_KEY_UILaunchScreen_Generation[sdk=iphonesimulator*]" = YES;
				"INFOPLIST_KEY_UIStatusBarStyle[sdk=iphoneos*]" = UIStatusBarStyleDefault;
				"INFOPLIST_KEY_UIStatusBarStyle[sdk=iphonesimulator*]" = UIStatusBarStyleDefault;
				INFOPLIST_KEY_UISupportedInterfaceOrientations_iPad = "UIInterfaceOrientationPortrait UIInterfaceOrientationPortraitUpsideDown UIInterfaceOrientationLandscapeLeft UIInterfaceOrientationLandscapeRight";
				INFOPLIST_KEY_UISupportedInterfaceOrientations_iPhone = "UIInterfaceOrientationPortrait UIInterfaceOrientationLandscapeLeft UIInterfaceOrientationLandscapeRight";
				IPHONEOS_DEPLOYMENT_TARGET = 17.4;
				LD_RUNPATH_SEARCH_PATHS = "@executable_path/Frameworks";
				"LD_RUNPATH_SEARCH_PATHS[sdk=macosx*]" = "@executable_path/../Frameworks";
				MACOSX_DEPLOYMENT_TARGET = 14.4;
				MARKETING_VERSION = 1.0;
				PRODUCT_BUNDLE_IDENTIFIER = in.shashwatt.basicswift;
				PRODUCT_NAME = "$(TARGET_NAME)";
				SDKROOT = auto;
				SUPPORTED_PLATFORMS = "iphoneos iphonesimulator macosx";
				SWIFT_EMIT_LOC_STRINGS = YES;
				SWIFT_VERSION = 5.0;
				TARGETED_DEVICE_FAMILY = "1,2";
			};
			name = Debug;
		};
		6BD630532BDA0B4C00137F7F /* Release */ = {
			isa = XCBuildConfiguration;
			buildSettings = {
				ASSETCATALOG_COMPILER_APPICON_NAME = AppIcon;
				ASSETCATALOG_COMPILER_GLOBAL_ACCENT_COLOR_NAME = AccentColor;
				CODE_SIGN_ENTITLEMENTS = basicswift/basicswift.entitlements;
				CODE_SIGN_STYLE = Automatic;
				CURRENT_PROJECT_VERSION = 1;
				DEAD_CODE_STRIPPING = YES;
				DEVELOPMENT_ASSET_PATHS = "\"basicswift/Preview Content\"";
				ENABLE_PREVIEWS = YES;
				GENERATE_INFOPLIST_FILE = YES;
				"INFOPLIST_KEY_UIApplicationSceneManifest_Generation[sdk=iphoneos*]" = YES;
				"INFOPLIST_KEY_UIApplicationSceneManifest_Generation[sdk=iphonesimulator*]" = YES;
				"INFOPLIST_KEY_UIApplicationSupportsIndirectInputEvents[sdk=iphoneos*]" = YES;
				"INFOPLIST_KEY_UIApplicationSupportsIndirectInputEvents[sdk=iphonesimulator*]" = YES;
				"INFOPLIST_KEY_UILaunchScreen_Generation[sdk=iphoneos*]" = YES;
				"INFOPLIST_KEY_UILaunchScreen_Generation[sdk=iphonesimulator*]" = YES;
				"INFOPLIST_KEY_UIStatusBarStyle[sdk=iphoneos*]" = UIStatusBarStyleDefault;
				"INFOPLIST_KEY_UIStatusBarStyle[sdk=iphonesimulator*]" = UIStatusBarStyleDefault;
				INFOPLIST_KEY_UISupportedInterfaceOrientations_iPad = "UIInterfaceOrientationPortrait UIInterfaceOrientationPortraitUpsideDown UIInterfaceOrientationLandscapeLeft UIInterfaceOrientationLandscapeRight";
				INFOPLIST_KEY_UISupportedInterfaceOrientations_iPhone = "UIInterfaceOrientationPortrait UIInterfaceOrientationLandscapeLeft UIInterfaceOrientationLandscapeRight";
				IPHONEOS_DEPLOYMENT_TARGET = 17.4;
				LD_RUNPATH_SEARCH_PATHS = "@executable_path/Frameworks";
				"LD_RUNPATH_SEARCH_PATHS[sdk=macosx*]" = "@executable_path/../Frameworks";
				MACOSX_DEPLOYMENT_TARGET = 14.4;
				MARKETING_VERSION = 1.0;
				PRODUCT_BUNDLE_IDENTIFIER = in.shashwatt.basicswift;
				PRODUCT_NAME = "$(TARGET_NAME)";
				SDKROOT = auto;
				SUPPORTED_PLATFORMS = "iphoneos iphonesimulator macosx";
				SWIFT_EMIT_LOC_STRINGS = YES;
				SWIFT_VERSION = 5.0;
				TARGETED_DEVICE_FAMILY = "1,2";
			};
			name = Release;
		};
		6BD630552BDA0B4C00137F7F /* Debug */ = {
			isa = XCBuildConfiguration;
			buildSettings = {
				ALWAYS_EMBED_SWIFT_STANDARD_LIBRARIES = YES;
				BUNDLE_LOADER = "$(TEST_HOST)";
				CODE_SIGN_STYLE = Automatic;
				CURRENT_PROJECT_VERSION = 1;
				DEAD_CODE_STRIPPING = YES;
				GENERATE_INFOPLIST_FILE = YES;
				IPHONEOS_DEPLOYMENT_TARGET = 17.4;
				MACOSX_DEPLOYMENT_TARGET = 14.4;
				MARKETING_VERSION = 1.0;
				PRODUCT_BUNDLE_IDENTIFIER = in.shashwatt.basicswiftTests;
				PRODUCT_NAME = "$(TARGET_NAME)";
				SDKROOT = auto;
				SUPPORTED_PLATFORMS = "iphoneos iphonesimulator macosx";
				SWIFT_EMIT_LOC_STRINGS = NO;
				SWIFT_VERSION = 5.0;
				TARGETED_DEVICE_FAMILY = "1,2";
				TEST_HOST = "$(BUILT_PRODUCTS_DIR)/basicswift.app/$(BUNDLE_EXECUTABLE_FOLDER_PATH)/basicswift";
			};
			name = Debug;
		};
		6BD630562BDA0B4C00137F7F /* Release */ = {
			isa = XCBuildConfiguration;
			buildSettings = {
				ALWAYS_EMBED_SWIFT_STANDARD_LIBRARIES = YES;
				BUNDLE_LOADER = "$(TEST_HOST)";
				CODE_SIGN_STYLE = Automatic;
				CURRENT_PROJECT_VERSION = 1;
				DEAD_CODE_STRIPPING = YES;
				GENERATE_INFOPLIST_FILE = YES;
				IPHONEOS_DEPLOYMENT_TARGET = 17.4;
				MACOSX_DEPLOYMENT_TARGET = 14.4;
				MARKETING_VERSION = 1.0;
				PRODUCT_BUNDLE_IDENTIFIER = in.shashwatt.basicswiftTests;
				PRODUCT_NAME = "$(TARGET_NAME)";
				SDKROOT = auto;
				SUPPORTED_PLATFORMS = "iphoneos iphonesimulator macosx";
				SWIFT_EMIT_LOC_STRINGS = NO;
				SWIFT_VERSION = 5.0;
				TARGETED_DEVICE_FAMILY = "1,2";
				TEST_HOST = "$(BUILT_PRODUCTS_DIR)/basicswift.app/$(BUNDLE_EXECUTABLE_FOLDER_PATH)/basicswift";
			};
			name = Release;
		};
		6BD630582BDA0B4C00137F7F /* Debug */ = {
			isa = XCBuildConfiguration;
			buildSettings = {
				ALWAYS_EMBED_SWIFT_STANDARD_LIBRARIES = YES;
				CODE_SIGN_STYLE = Automatic;
				CURRENT_PROJECT_VERSION = 1;
				DEAD_CODE_STRIPPING = YES;
				GENERATE_INFOPLIST_FILE = YES;
				IPHONEOS_DEPLOYMENT_TARGET = 17.4;
				MACOSX_DEPLOYMENT_TARGET = 14.4;
				MARKETING_VERSION = 1.0;
				PRODUCT_BUNDLE_IDENTIFIER = in.shashwatt.basicswiftUITests;
				PRODUCT_NAME = "$(TARGET_NAME)";
				SDKROOT = auto;
				SUPPORTED_PLATFORMS = "iphoneos iphonesimulator macosx";
				SWIFT_EMIT_LOC_STRINGS = NO;
				SWIFT_VERSION = 5.0;
				TARGETED_DEVICE_FAMILY = "1,2";
				TEST_TARGET_NAME = basicswift;
			};
			name = Debug;
		};
		6BD630592BDA0B4C00137F7F /* Release */ = {
			isa = XCBuildConfiguration;
			buildSettings = {
				ALWAYS_EMBED_SWIFT_STANDARD_LIBRARIES = YES;
				CODE_SIGN_STYLE = Automatic;
				CURRENT_PROJECT_VERSION = 1;
				DEAD_CODE_STRIPPING = YES;
				GENERATE_INFOPLIST_FILE = YES;
				IPHONEOS_DEPLOYMENT_TARGET = 17.4;
				MACOSX_DEPLOYMENT_TARGET = 14.4;
				MARKETING_VERSION = 1.0;
				PRODUCT_BUNDLE_IDENTIFIER = in.shashwatt.basicswiftUITests;
				PRODUCT_NAME = "$(TARGET_NAME)";
				SDKROOT = auto;
				SUPPORTED_PLATFORMS = "iphoneos iphonesimulator macosx";
				SWIFT_EMIT_LOC_STRINGS = NO;
				SWIFT_VERSION = 5.0;
				TARGETED_DEVICE_FAMILY = "1,2";
				TEST_TARGET_NAME = basicswift;
			};
			name = Release;
		};
/* End XCBuildConfiguration section */

/* Begin XCConfigurationList section */
		6BD630272BDA0B4A00137F7F /* Build configuration list for PBXProject "basicswift" */ = {
			isa = XCConfigurationList;
			buildConfigurations = (
				6BD6304F2BDA0B4C00137F7F /* Debug */,
				6BD630502BDA0B4C00137F7F /* Release */,
			);
			defaultConfigurationIsVisible = 0;
			defaultConfigurationName = Release;
		};
		6BD630512BDA0B4C00137F7F /* Build configuration list for PBXNativeTarget "basicswift" */ = {
			isa = XCConfigurationList;
			buildConfigurations = (
				6BD630522BDA0B4C00137F7F /* Debug */,
				6BD630532BDA0B4C00137F7F /* Release */,
			);
			defaultConfigurationIsVisible = 0;
			defaultConfigurationName = Release;
		};
		6BD630542BDA0B4C00137F7F /* Build configuration list for PBXNativeTarget "basicswiftTests" */ = {
			isa = XCConfigurationList;
			buildConfigurations = (
				6BD630552BDA0B4C00137F7F /* Debug */,
				6BD630562BDA0B4C00137F7F /* Release */,
			);
			defaultConfigurationIsVisible = 0;
			defaultConfigurationName = Release;
		};
		6BD630572BDA0B4C00137F7F /* Build configuration list for PBXNativeTarget "basicswiftUITests" */ = {
			isa = XCConfigurationList;
			buildConfigurations = (
				6BD630582BDA0B4C00137F7F /* Debug */,
				6BD630592BDA0B4C00137F7F /* Release */,
			);
			defaultConfigurationIsVisible = 0;
			defaultConfigurationName = Release;
		};
/* End XCConfigurationList section */
	};
	rootObject = 6BD630242BDA0B4A00137F7F /* Project object */;
}
